version = 1
revision = 2
requires-python = ">=3.13"

[[package]]
name = "asn1crypto"
version = "1.5.1"
source = { registry = "https://pypi.org/simple" }
sdist = { url = "https://files.pythonhosted.org/packages/de/cf/d547feed25b5244fcb9392e288ff9fdc3280b10260362fc45d37a798a6ee/asn1crypto-1.5.1.tar.gz", hash = "sha256:13ae38502be632115abf8a24cbe5f4da52e3b5231990aff31123c805306ccb9c", size = 121080, upload-time = "2022-03-15T14:46:52.889Z" }
wheels = [
    { url = "https://files.pythonhosted.org/packages/c9/7f/09065fd9e27da0eda08b4d6897f1c13535066174cc023af248fc2a8d5e5a/asn1crypto-1.5.1-py2.py3-none-any.whl", hash = "sha256:db4e40728b728508912cbb3d44f19ce188f218e9eba635821bb4b68564f8fd67", size = 105045, upload-time = "2022-03-15T14:46:51.055Z" },
]

[[package]]
name = "boto3"
version = "1.38.14"
source = { registry = "https://pypi.org/simple" }
dependencies = [
    { name = "botocore" },
    { name = "jmespath" },
    { name = "s3transfer" },
]
sdist = { url = "https://files.pythonhosted.org/packages/2b/b6/0eeff44c8a0e064bd5533aa1e00f2794d6c68f210b162606ef429e1cc455/boto3-1.38.14.tar.gz", hash = "sha256:2cba851374c9b15facd6e7fe3adf7988c216537182d2c139e96da5c101f4cbcf", size = 111817, upload-time = "2025-05-12T19:29:22.396Z" }
wheels = [
    { url = "https://files.pythonhosted.org/packages/69/10/304e9a115bf4599a96315062c7f2d446beda9deb9443bb5b87f4457a95d8/boto3-1.38.14-py3-none-any.whl", hash = "sha256:44bc15285104683cd25dfb60abc5aac65b75d9e79b06f43094d18ed5c2739302", size = 139936, upload-time = "2025-05-12T19:29:19.688Z" },
]

[[package]]
name = "botocore"
version = "1.38.14"
source = { registry = "https://pypi.org/simple" }
dependencies = [
    { name = "jmespath" },
    { name = "python-dateutil" },
    { name = "urllib3" },
]
sdist = { url = "https://files.pythonhosted.org/packages/cd/b1/9dc1989ffcc2f9c85612a92a212b018c7ad1e219e0d4bfbb627080317278/botocore-1.38.14.tar.gz", hash = "sha256:8ac91de6c33651a5c699268f1d22fadd5e99f370230dbea97d29e4164de4e5f2", size = 13890928, upload-time = "2025-05-12T19:29:09.361Z" }
wheels = [
    { url = "https://files.pythonhosted.org/packages/72/99/a0f520346615707fe48e547d9942723812bc2bc6064c1a9a40714ec6c414/botocore-1.38.14-py3-none-any.whl", hash = "sha256:3125ed92e9ee6137c28fd32c56934a531a372346a7b13cb86de4328d7629e156", size = 13552896, upload-time = "2025-05-12T19:29:03.532Z" },
]

[[package]]
name = "click"
version = "8.2.0"
source = { registry = "https://pypi.org/simple" }
dependencies = [
    { name = "colorama", marker = "sys_platform == 'win32'" },
]
sdist = { url = "https://files.pythonhosted.org/packages/cd/0f/62ca20172d4f87d93cf89665fbaedcd560ac48b465bd1d92bfc7ea6b0a41/click-8.2.0.tar.gz", hash = "sha256:f5452aeddd9988eefa20f90f05ab66f17fce1ee2a36907fd30b05bbb5953814d", size = 235857, upload-time = "2025-05-10T22:21:03.111Z" }
wheels = [
    { url = "https://files.pythonhosted.org/packages/a2/58/1f37bf81e3c689cc74ffa42102fa8915b59085f54a6e4a80bc6265c0f6bf/click-8.2.0-py3-none-any.whl", hash = "sha256:6b303f0b2aa85f1cb4e5303078fadcbcd4e476f114fab9b5007005711839325c", size = 102156, upload-time = "2025-05-10T22:21:01.352Z" },
]

[[package]]
name = "colorama"
version = "0.4.6"
source = { registry = "https://pypi.org/simple" }
sdist = { url = "https://files.pythonhosted.org/packages/d8/53/6f443c9a4a8358a93a6792e2acffb9d9d5cb0a5cfd8802644b7b1c9a02e4/colorama-0.4.6.tar.gz", hash = "sha256:08695f5cb7ed6e0531a20572697297273c47b8cae5a63ffc6d6ed5c201be6e44", size = 27697, upload-time = "2022-10-25T02:36:22.414Z" }
wheels = [
    { url = "https://files.pythonhosted.org/packages/d1/d6/3965ed04c63042e047cb6a3e6ed1a63a35087b6a609aa3a15ed8ac56c221/colorama-0.4.6-py2.py3-none-any.whl", hash = "sha256:4f1d9991f5acc0ca119f9d443620b77f9d6b33703e51011c16baf57afb285fc6", size = 25335, upload-time = "2022-10-25T02:36:20.889Z" },
]

[[package]]
name = "ec2-win-pkcs11"
version = "0.1.0"
source = { virtual = "." }
dependencies = [
    { name = "boto3" },
    { name = "click" },
    { name = "python-pkcs11" },
]

[package.metadata]
requires-dist = [
    { name = "boto3", specifier = ">=1.38.14" },
    { name = "click", specifier = ">=8.2.0" },
    { name = "python-pkcs11", specifier = ">=0.8.1" },
]

[[package]]
name = "jmespath"
version = "1.0.1"
source = { registry = "https://pypi.org/simple" }
sdist = { url = "https://files.pythonhosted.org/packages/00/2a/e867e8531cf3e36b41201936b7fa7ba7b5702dbef42922193f05c8976cd6/jmespath-1.0.1.tar.gz", hash = "sha256:90261b206d6defd58fdd5e85f478bf633a2901798906be2ad389150c5c60edbe", size = 25843, upload-time = "2022-06-17T18:00:12.224Z" }
wheels = [
    { url = "https://files.pythonhosted.org/packages/31/b4/b9b800c45527aadd64d5b442f9b932b00648617eb5d63d2c7a6587b7cafc/jmespath-1.0.1-py3-none-any.whl", hash = "sha256:02e2e4cc71b5bcab88332eebf907519190dd9e6e82107fa7f83b1003a6252980", size = 20256, upload-time = "2022-06-17T18:00:10.251Z" },
]

[[package]]
name = "python-dateutil"
version = "2.9.0.post0"
source = { registry = "https://pypi.org/simple" }
dependencies = [
    { name = "six" },
]
sdist = { url = "https://files.pythonhosted.org/packages/66/c0/0c8b6ad9f17a802ee498c46e004a0eb49bc148f2fd230864601a86dcf6db/python-dateutil-2.9.0.post0.tar.gz", hash = "sha256:37dd54208da7e1cd875388217d5e00ebd4179249f90fb72437e91a35459a0ad3", size = 342432, upload-time = "2024-03-01T18:36:20.211Z" }
wheels = [
    { url = "https://files.pythonhosted.org/packages/ec/57/56b9bcc3c9c6a792fcbaf139543cee77261f3651ca9da0c93f5c1221264b/python_dateutil-2.9.0.post0-py2.py3-none-any.whl", hash = "sha256:a8b2bc7bffae282281c8140a97d3aa9c14da0b136dfe83f850eea9a5f7470427", size = 229892, upload-time = "2024-03-01T18:36:18.57Z" },
]

[[package]]
name = "python-pkcs11"
version = "0.8.1"
source = { registry = "https://pypi.org/simple" }
dependencies = [
    { name = "asn1crypto" },
]
sdist = { url = "https://files.pythonhosted.org/packages/7d/4b/7172d764458d0c05d5f38447a18482139a4ba9d3236e3e92a5c43e0eadcf/python_pkcs11-0.8.1.tar.gz", hash = "sha256:f9e11df146ce2e6359aeb81fa84c2dd7ab9719f707cdae06ceae22d9e6a10818", size = 156019, upload-time = "2025-06-22T06:26:28.043Z" }
wheels = [
    { url = "https://files.pythonhosted.org/packages/b7/83/729faa232b6bf233888d472d176e19693e1fdf204145dcd4b0b4ad959379/python_pkcs11-0.8.1-cp313-cp313-macosx_10_13_universal2.whl", hash = "sha256:affe4427a5277409a8caf43c14743d155968bfd017739e94a72f585527f7507c", size = 499187, upload-time = "2025-06-22T06:26:10.385Z" },
    { url = "https://files.pythonhosted.org/packages/88/3b/238088442e40054a25bcad99cf37770330417e9ae0b7023dcdae421e8885/python_pkcs11-0.8.1-cp313-cp313-manylinux2014_aarch64.manylinux_2_17_aarch64.manylinux_2_28_aarch64.whl", hash = "sha256:e7d5b94c5e02bd5bb5969715de0b7516ded2309c4f11c68ca6b55cbfd03340c3", size = 1764512, upload-time = "2025-06-22T06:26:11.762Z" },
    { url = "https://files.pythonhosted.org/packages/1f/cb/688fc9ebc890ac4343c382c2bce828b14fb70505d3593ecc9217b93e5496/python_pkcs11-0.8.1-cp313-cp313-manylinux2014_x86_64.manylinux_2_17_x86_64.manylinux_2_28_x86_64.whl", hash = "sha256:e4604a71538300d8be7a5fbed58f401bb8147fc558ff1415469637bbc5dbff00", size = 1815263, upload-time = "2025-06-22T06:26:13.254Z" },
    { url = "https://files.pythonhosted.org/packages/38/34/80fc7fbc33d55551d0eef8479dcf68dfa3eb32b48e61f9eecdbc8bb3ddec/python_pkcs11-0.8.1-cp313-cp313-musllinux_1_2_aarch64.whl", hash = "sha256:879ebf0b4921d30299e741d47f9caf726cf73828ba8b1b4767eb3d8e9a5e6e02", size = 1719363, upload-time = "2025-06-22T06:26:14.977Z" },
    { url = "https://files.pythonhosted.org/packages/e4/83/bb0ecec6fdd4921ebde365b4f95e687f3b0c7b9d97cf416ef590e3d5c62d/python_pkcs11-0.8.1-cp313-cp313-musllinux_1_2_x86_64.whl", hash = "sha256:9b982b63d257d694bc0ec32a2ae2b4a628cd50c2a69830d315bd97c2194fc5ce", size = 1798248, upload-time = "2025-06-22T06:26:16.34Z" },
    { url = "https://files.pythonhosted.org/packages/ee/02/373bf5b6eeaff057265896470016aa6c1850b87955d9fe319060c852dce1/python_pkcs11-0.8.1-cp313-cp313-win_amd64.whl", hash = "sha256:4ba8887c4e5a680b17a2a94afe78ef1c12c49fdb0f7269656025884f57a2baae", size = 248980, upload-time = "2025-06-22T06:26:18.022Z" },
]

[[package]]
name = "s3transfer"
version = "0.12.0"
source = { registry = "https://pypi.org/simple" }
dependencies = [
    { name = "botocore" },
]
sdist = { url = "https://files.pythonhosted.org/packages/fc/9e/73b14aed38ee1f62cd30ab93cd0072dec7fb01f3033d116875ae3e7b8b44/s3transfer-0.12.0.tar.gz", hash = "sha256:8ac58bc1989a3fdb7c7f3ee0918a66b160d038a147c7b5db1500930a607e9a1c", size = 149178, upload-time = "2025-04-22T21:08:09.787Z" }
wheels = [
    { url = "https://files.pythonhosted.org/packages/89/64/d2b49620039b82688aeebd510bd62ff4cdcdb86cbf650cc72ae42c5254a3/s3transfer-0.12.0-py3-none-any.whl", hash = "sha256:35b314d7d82865756edab59f7baebc6b477189e6ab4c53050e28c1de4d9cce18", size = 84773, upload-time = "2025-04-22T21:08:08.265Z" },
]

[[package]]
name = "six"
version = "1.17.0"
source = { registry = "https://pypi.org/simple" }
sdist = { url = "https://files.pythonhosted.org/packages/94/e7/b2c673351809dca68a0e064b6af791aa332cf192da575fd474ed7d6f16a2/six-1.17.0.tar.gz", hash = "sha256:ff70335d468e7eb6ec65b95b99d3a2836546063f63acc5171de367e834932a81", size = 34031, upload-time = "2024-12-04T17:35:28.174Z" }
wheels = [
    { url = "https://files.pythonhosted.org/packages/b7/ce/149a00dd41f10bc29e5921b496af8b574d8413afcd5e30dfa0ed46c2cc5e/six-1.17.0-py2.py3-none-any.whl", hash = "sha256:4721f391ed90541fddacab5acf947aa0d3dc7d27b2e1e8eda2be8970586c3274", size = 11050, upload-time = "2024-12-04T17:35:26.475Z" },
]

[[package]]
name = "urllib3"
version = "2.4.0"
source = { registry = "https://pypi.org/simple" }
sdist = { url = "https://files.pythonhosted.org/packages/8a/78/16493d9c386d8e60e442a35feac5e00f0913c0f4b7c217c11e8ec2ff53e0/urllib3-2.4.0.tar.gz", hash = "sha256:414bc6535b787febd7567804cc015fee39daab8ad86268f1310a9250697de466", size = 390672, upload-time = "2025-04-10T15:23:39.232Z" }
wheels = [
    { url = "https://files.pythonhosted.org/packages/6b/11/cc635220681e93a0183390e26485430ca2c7b5f9d33b15c74c2861cb8091/urllib3-2.4.0-py3-none-any.whl", hash = "sha256:4e16665048960a0900c702d4a66415956a584919c03361cac9f1df5c5dd7e813", size = 128680, upload-time = "2025-04-10T15:23:37.377Z" },
]
